
Microsoft Visual Studio Solution File, Format Version 12.00
# Visual Studio Version 17
VisualStudioVersion = 17.0.31903.59
MinimumVisualStudioVersion = 10.0.40219.1
Project("{FAE04EC0-301F-11D3-BF4B-00C04F79EFBC}") = "ShaPrint.Core", "ShaPrint.Core\ShaPrint.Core.csproj", "{8EA124B5-A02B-4E9C-A0CC-D46CF4225267}"
EndProject
Project("{FAE04EC0-301F-11D3-BF4B-00C04F79EFBC}") = "ShaPrint.Tests", "ShaPrint.Tests\ShaPrint.Tests.csproj", "{139B89E9-8D20-43C3-B027-CA4885E360EF}"
EndProject
Project("{FAE04EC0-301F-11D3-BF4B-00C04F79EFBC}") = "ShaPrint.Updater", "ShaPrint.Updater\ShaPrint.Updater.csproj", "{CCCDFD1C-90F4-4F4F-AF69-B76ADF556C89}"
EndProject
Project("{FAE04EC0-301F-11D3-BF4B-00C04F79EFBC}") = "ShaPrint.WpfApp", "ShaPrint.WpfApp\ShaPrint.WpfApp.csproj", "{DCE26FE9-864A-4EA6-9353-444D34075F00}"
EndProject
Project("{FAE04EC0-301F-11D3-BF4B-00C04F79EFBC}") = "ShaPrint.Platform.Abstractions", "ShaPrint.Platform.Abstractions\ShaPrint.Platform.Abstractions.csproj", "{EEB59B15-B4E3-4021-B882-34CA5AF98D09}"
EndProject
Project("{FAE04EC0-301F-11D3-BF4B-00C04F79EFBC}") = "ShaPrint.Platform.Windows", "ShaPrint.Platform.Windows\ShaPrint.Platform.Windows.csproj", "{5B5DC485-229F-43CD-A321-A35FAE186CEA}"
EndProject
Project("{FAE04EC0-301F-11D3-BF4B-00C04F79EFBC}") = "ShaPrint.UI", "ShaPrint.UI\ShaPrint.UI.csproj", "{F492D6E4-C2E9-42DC-A34E-F2BD6B860D7A}"
EndProject
Project("{FAE04EC0-301F-11D3-BF4B-00C04F79EFBC}") = "ShaPrint.Platform.Unix", "ShaPrint.Platform.Unix\ShaPrint.Platform.Unix.csproj", "{A6B4A081-5BDF-4CA9-88FB-1E3EB2F383B7}"
EndProject
Project("{FAE04EC0-301F-11D3-BF4B-00C04F79EFBC}") = "ShaPrint.Android", "ShaPrint.Android\ShaPrint.Android.csproj", "{5652B330-3717-4C47-BE4F-D8888CAC55C8}"
EndProject
Global
	GlobalSection(SolutionConfigurationPlatforms) = preSolution
		Debug|Any CPU = Debug|Any CPU
		Release|Any CPU = Release|Any CPU
	EndGlobalSection
	GlobalSection(SolutionProperties) = preSolution
		HideSolutionNode = FALSE
	EndGlobalSection
	GlobalSection(ProjectConfigurationPlatforms) = postSolution
		{8EA124B5-A02B-4E9C-A0CC-D46CF4225267}.Debug|Any CPU.ActiveCfg = Debug|Any CPU
		{8EA124B5-A02B-4E9C-A0CC-D46CF4225267}.Debug|Any CPU.Build.0 = Debug|Any CPU
		{8EA124B5-A02B-4E9C-A0CC-D46CF4225267}.Release|Any CPU.ActiveCfg = Release|Any CPU
		{8EA124B5-A02B-4E9C-A0CC-D46CF4225267}.Release|Any CPU.Build.0 = Release|Any CPU
		{139B89E9-8D20-43C3-B027-CA4885E360EF}.Debug|Any CPU.ActiveCfg = Debug|Any CPU
		{139B89E9-8D20-43C3-B027-CA4885E360EF}.Debug|Any CPU.Build.0 = Debug|Any CPU
		{139B89E9-8D20-43C3-B027-CA4885E360EF}.Release|Any CPU.ActiveCfg = Release|Any CPU
		{139B89E9-8D20-43C3-B027-CA4885E360EF}.Release|Any CPU.Build.0 = Release|Any CPU
		{CCCDFD1C-90F4-4F4F-AF69-B76ADF556C89}.Debug|Any CPU.ActiveCfg = Debug|Any CPU
		{CCCDFD1C-90F4-4F4F-AF69-B76ADF556C89}.Debug|Any CPU.Build.0 = Debug|Any CPU
		{CCCDFD1C-90F4-4F4F-AF69-B76ADF556C89}.Release|Any CPU.ActiveCfg = Release|Any CPU
		{CCCDFD1C-90F4-4F4F-AF69-B76ADF556C89}.Release|Any CPU.Build.0 = Release|Any CPU
		{DCE26FE9-864A-4EA6-9353-444D34075F00}.Debug|Any CPU.ActiveCfg = Debug|Any CPU
		{DCE26FE9-864A-4EA6-9353-444D34075F00}.Debug|Any CPU.Build.0 = Debug|Any CPU
		{DCE26FE9-864A-4EA6-9353-444D34075F00}.Release|Any CPU.ActiveCfg = Release|Any CPU
		{DCE26FE9-864A-4EA6-9353-444D34075F00}.Release|Any CPU.Build.0 = Release|Any CPU
		{EEB59B15-B4E3-4021-B882-34CA5AF98D09}.Debug|Any CPU.ActiveCfg = Debug|Any CPU
		{EEB59B15-B4E3-4021-B882-34CA5AF98D09}.Debug|Any CPU.Build.0 = Debug|Any CPU
		{EEB59B15-B4E3-4021-B882-34CA5AF98D09}.Release|Any CPU.ActiveCfg = Release|Any CPU
		{EEB59B15-B4E3-4021-B882-34CA5AF98D09}.Release|Any CPU.Build.0 = Release|Any CPU
		{5B5DC485-229F-43CD-A321-A35FAE186CEA}.Debug|Any CPU.ActiveCfg = Debug|Any CPU
		{5B5DC485-229F-43CD-A321-A35FAE186CEA}.Debug|Any CPU.Build.0 = Debug|Any CPU
		{5B5DC485-229F-43CD-A321-A35FAE186CEA}.Release|Any CPU.ActiveCfg = Release|Any CPU
		{5B5DC485-229F-43CD-A321-A35FAE186CEA}.Release|Any CPU.Build.0 = Release|Any CPU
		{F492D6E4-C2E9-42DC-A34E-F2BD6B860D7A}.Debug|Any CPU.ActiveCfg = Debug|Any CPU
		{F492D6E4-C2E9-42DC-A34E-F2BD6B860D7A}.Debug|Any CPU.Build.0 = Debug|Any CPU
		{F492D6E4-C2E9-42DC-A34E-F2BD6B860D7A}.Release|Any CPU.ActiveCfg = Release|Any CPU
		{F492D6E4-C2E9-42DC-A34E-F2BD6B860D7A}.Release|Any CPU.Build.0 = Release|Any CPU
		{A6B4A081-5BDF-4CA9-88FB-1E3EB2F383B7}.Debug|Any CPU.ActiveCfg = Debug|Any CPU
		{A6B4A081-5BDF-4CA9-88FB-1E3EB2F383B7}.Debug|Any CPU.Build.0 = Debug|Any CPU
		{A6B4A081-5BDF-4CA9-88FB-1E3EB2F383B7}.Release|Any CPU.ActiveCfg = Release|Any CPU
		{A6B4A081-5BDF-4CA9-88FB-1E3EB2F383B7}.Release|Any CPU.Build.0 = Release|Any CPU
		{5652B330-3717-4C47-BE4F-D8888CAC55C8}.Debug|Any CPU.ActiveCfg = Debug|Any CPU
		{5652B330-3717-4C47-BE4F-D8888CAC55C8}.Debug|Any CPU.Build.0 = Debug|Any CPU
		{5652B330-3717-4C47-BE4F-D8888CAC55C8}.Release|Any CPU.ActiveCfg = Release|Any CPU
		{5652B330-3717-4C47-BE4F-D8888CAC55C8}.Release|Any CPU.Build.0 = Release|Any CPU
	EndGlobalSection
EndGlobal
